
Microsoft Visual Studio Solution File, Format Version 12.00
# Visual Studio Version 17
VisualStudioVersion = 17.6.33801.468
MinimumVisualStudioVersion = 10.0.40219.1
Project("{FAE04EC0-301F-11D3-BF4B-00C04F79EFBC}") = "Blue_star", "Blue_star\Blue_star.csproj", "{78CA1561-4C1A-42C0-9D67-FC0ED4DBC6B9}"
EndProject
Global
	GlobalSection(SolutionConfigurationPlatforms) = preSolution
		Debug|Any CPU = Debug|Any CPU
		Release|Any CPU = Release|Any CPU
	EndGlobalSection
	GlobalSection(ProjectConfigurationPlatforms) = postSolution
		{78CA1561-4C1A-42C0-9D67-FC0ED4DBC6B9}.Debug|Any CPU.ActiveCfg = Debug|Any CPU
		{78CA1561-4C1A-42C0-9D67-FC0ED4DBC6B9}.Debug|Any CPU.Build.0 = Debug|Any CPU
		{78CA1561-4C1A-42C0-9D67-FC0ED4DBC6B9}.Release|Any CPU.ActiveCfg = Release|Any CPU
		{78CA1561-4C1A-42C0-9D67-FC0ED4DBC6B9}.Release|Any CPU.Build.0 = Release|Any CPU
	EndGlobalSection
	GlobalSection(SolutionProperties) = preSolution
		HideSolutionNode = FALSE
	EndGlobalSection
	GlobalSection(ExtensibilityGlobals) = postSolution
		SolutionGuid = {49D951A1-6093-4EC0-B3D9-0AF75D8F1C12}
	EndGlobalSection
EndGlobal
